<?xml version="1.0" encoding="utf-8"?>
<Project ToolsVersion="4.0" xmlns="http://schemas.microsoft.com/developer/msbuild/2003">
  <ItemGroup>
    <ClCompile Include="..\Logger\Cpp11-BlockingQueue.cpp">
      <Filter>Source Files</Filter>
    </ClCompile>
    <ClCompile Include="HttpClient.cpp">
      <Filter>Source Files</Filter>
    </ClCompile>
    <ClCompile Include="..\Logger\Logger.cpp">
      <Filter>Source Files</Filter>
    </ClCompile>
    <ClCompile Include="..\Sockets\Sockets.cpp">
      <Filter>Source Files</Filter>
    </ClCompile>
    <ClCompile Include="..\Utilities\Utilities.cpp">
      <Filter>Source Files</Filter>
    </ClCompile>
    <ClCompile Include="..\Message\Message.cpp">
      <Filter>Source Files</Filter>
    </ClCompile>
  </ItemGroup>
  <ItemGroup>
    <ClInclude Include="..\Logger\Cpp11-BlockingQueue.h">
      <Filter>Header Files</Filter>
    </ClInclude>
    <ClInclude Include="..\Logger\Logger.h">
      <Filter>Header Files</Filter>
    </ClInclude>
    <ClInclude Include="..\Sockets\Sockets.h">
      <Filter>Header Files</Filter>
    </ClInclude>
    <ClInclude Include="..\Utilities\Utilities.h">
      <Filter>Header Files</Filter>
    </ClInclude>
    <ClInclude Include="..\Message\Message.h">
      <Filter>Header Files</Filter>
    </ClInclude>
    <ClInclude Include="HttpClient.h">
      <Filter>Header Files</Filter>
    </ClInclude>
  </ItemGroup>
  <ItemGroup>
    <Filter Include="Header Files">
      <UniqueIdentifier>{73e80b3a-3c84-4f17-9da2-bc606fde94c0}</UniqueIdentifier>
    </Filter>
    <Filter Include="Source Files">
      <UniqueIdentifier>{d02d5496-b2e9-4b94-bbc1-fa72e6d85a4c}</UniqueIdentifier>
    </Filter>
  </ItemGroup>
</Project>